<?xml version="1.0" encoding="utf-8"?>
<Project ToolsVersion="4.0" xmlns="http://schemas.microsoft.com/developer/msbuild/2003">
  <ItemGroup>
    <Filter Include="소스 파일">
      <UniqueIdentifier>{4FC737F1-C7A5-4376-A066-2A32D752A2FF}</UniqueIdentifier>
      <Extensions>cpp;c;cc;cxx;def;odl;idl;hpj;bat;asm;asmx</Extensions>
    </Filter>
    <Filter Include="헤더 파일">
      <UniqueIdentifier>{93995380-89BD-4b04-88EB-625FBE52EBFB}</UniqueIdentifier>
      <Extensions>h;hh;hpp;hxx;hm;inl;inc;xsd</Extensions>
    </Filter>
    <Filter Include="리소스 파일">
      <UniqueIdentifier>{67DA6AB6-F800-4c08-8B7A-83BB121AAD01}</UniqueIdentifier>
      <Extensions>rc;ico;cur;bmp;dlg;rc2;rct;bin;rgs;gif;jpg;jpeg;jpe;resx;tiff;tif;png;wav;mfcribbon-ms</Extensions>
    </Filter>
    <Filter Include="소스 파일\04-02">
      <UniqueIdentifier>{e6c1336c-8393-48f3-b160-7531cf506588}</UniqueIdentifier>
    </Filter>
    <Filter Include="헤더 파일\04-02">
      <UniqueIdentifier>{166ecf04-55f4-42b8-aad1-d20982bb35b4}</UniqueIdentifier>
    </Filter>
    <Filter Include="소스 파일\04-05">
      <UniqueIdentifier>{9c1a7dfd-7818-4f30-bbaa-00514724b83e}</UniqueIdentifier>
    </Filter>
    <Filter Include="헤더 파일\04-05">
      <UniqueIdentifier>{95cb4bc2-598d-4203-a9d6-2129ea122df3}</UniqueIdentifier>
    </Filter>
    <Filter Include="소스 파일\04-07">
      <UniqueIdentifier>{8c950a41-99ef-4f9e-9865-c40318c55e60}</UniqueIdentifier>
    </Filter>
    <Filter Include="헤더 파일\04-07">
      <UniqueIdentifier>{650f18e7-ae87-4a31-8fe5-c22ab2f2bc70}</UniqueIdentifier>
    </Filter>
    <Filter Include="소스 파일\05-01">
      <UniqueIdentifier>{18b2e863-209f-430a-9749-83c1d1abc542}</UniqueIdentifier>
    </Filter>
    <Filter Include="헤더 파일\05-01">
      <UniqueIdentifier>{c6a52bb9-d242-44ef-bb38-0cb4ecc06a57}</UniqueIdentifier>
    </Filter>
  </ItemGroup>
  <ItemGroup>
    <ClCompile Include="main0405.cpp">
      <Filter>소스 파일\04-05</Filter>
    </ClCompile>
    <ClCompile Include="main0402.cpp">
      <Filter>소스 파일\04-02</Filter>
    </ClCompile>
    <ClCompile Include="main0407.cpp">
      <Filter>소스 파일\04-07</Filter>
    </ClCompile>
    <ClCompile Include="main0501.cpp">
      <Filter>소스 파일\05-01</Filter>
    </ClCompile>
  </ItemGroup>
  <ItemGroup>
    <ClInclude Include="Sample.h">
      <Filter>헤더 파일\04-02</Filter>
    </ClInclude>
    <ClInclude Include="Circle.h">
      <Filter>헤더 파일\04-05</Filter>
    </ClInclude>
    <ClInclude Include="Person.h">
      <Filter>헤더 파일\04-07</Filter>
    </ClInclude>
  </ItemGroup>
</Project>